github.com/chinudotdev/pith/gateway v0.1.0 h1:46J3z22z99AIZXEPm4+/SMorcbhwgWY3gTz/HdXYoTw=
github.com/chinudotdev/pith/gateway v0.1.0/go.mod h1:OewWu5S+T7XEMycQVqeHzgISsF+CgFJVSI9ADq/BPzc=
github.com/chinudotdev/pith/protocol v0.1.0 h1:4bNgtE0Ut0dqzYalBUcSTG/nXYaX5WIjI6B1CiBkxPU=
github.com/chinudotdev/pith/protocol v0.1.0/go.mod h1:tx6tAezPiHkI4Ry6d90Jssc/UqBSkdCpyI1ip+k48Vc=
